// !$*UTF8*$!
{
	archiveVersion = 1;
	classes = {
	};
	objectVersion = 77;
	objects = {

/* Begin PBXBuildFile section */
		0F0759A32DA2C9FF0040B9FD /* README.md in Resources */ = {isa = PBXBuildFile; fileRef = 0F0759A22DA2C9FF0040B9FD /* README.md */; };
		0F47B1872DA19E0200E82817 /* TestPlan.xctestplan in Resources */ = {isa = PBXBuildFile; fileRef = 0F47B1862DA19E0200E82817 /* TestPlan.xctestplan */; };
		0F67F4D82DBDD81B003187F2 /* MarkdownUI in Frameworks */ = {isa = PBXBuildFile; productRef = 0F67F4D72DBDD81B003187F2 /* MarkdownUI */; };
/* End PBXBuildFile section */

/* Begin PBXContainerItemProxy section */
		0F1AFF272DA106E000BE47A4 /* PBXContainerItemProxy */ = {
			isa = PBXContainerItemProxy;
			containerPortal = 0F1AFF0D2DA106DE00BE47A4 /* Project object */;
			proxyType = 1;
			remoteGlobalIDString = 0F1AFF142DA106DE00BE47A4;
			remoteInfo = InboxForObsidian;
		};
/* End PBXContainerItemProxy section */

/* Begin PBXFileReference section */
		0F0759A22DA2C9FF0040B9FD /* README.md */ = {isa = PBXFileReference; lastKnownFileType = net.daringfireball.markdown; path = README.md; sourceTree = "<group>"; };
		0F1AFF152DA106DE00BE47A4 /* InboxForObsidian.app */ = {isa = PBXFileReference; explicitFileType = wrapper.application; includeInIndex = 0; path = InboxForObsidian.app; sourceTree = BUILT_PRODUCTS_DIR; };
		0F1AFF262DA106E000BE47A4 /* InboxForObsidianTests.xctest */ = {isa = PBXFileReference; explicitFileType = wrapper.cfbundle; includeInIndex = 0; path = InboxForObsidianTests.xctest; sourceTree = BUILT_PRODUCTS_DIR; };
		0F47B1862DA19E0200E82817 /* TestPlan.xctestplan */ = {isa = PBXFileReference; lastKnownFileType = text; name = TestPlan.xctestplan; path = InboxForObsidianTests/TestPlan.xctestplan; sourceTree = "<group>"; };
/* End PBXFileReference section */

/* Begin PBXFileSystemSynchronizedBuildFileExceptionSet section */
		0F1AFF382DA106E000BE47A4 /* Exceptions for "InboxForObsidian" folder in "InboxForObsidian" target */ = {
			isa = PBXFileSystemSynchronizedBuildFileExceptionSet;
			membershipExceptions = (
				Info.plist,
			);
			target = 0F1AFF142DA106DE00BE47A4 /* InboxForObsidian */;
		};
		0FBE8C1E2DA134D500F9839C /* Exceptions for "InboxForObsidianTests" folder in "InboxForObsidianTests" target */ = {
			isa = PBXFileSystemSynchronizedBuildFileExceptionSet;
			membershipExceptions = (
				InboxForObsidian.xctestplan,
			);
			target = 0F1AFF252DA106E000BE47A4 /* InboxForObsidianTests */;
		};
/* End PBXFileSystemSynchronizedBuildFileExceptionSet section */

/* Begin PBXFileSystemSynchronizedRootGroup section */
		0F0759A42DA2CA1C0040B9FD /* gfx */ = {
			isa = PBXFileSystemSynchronizedRootGroup;
			path = gfx;
			sourceTree = "<group>";
		};
		0F1AFF172DA106DE00BE47A4 /* InboxForObsidian */ = {
			isa = PBXFileSystemSynchronizedRootGroup;
			exceptions = (
				0F1AFF382DA106E000BE47A4 /* Exceptions for "InboxForObsidian" folder in "InboxForObsidian" target */,
			);
			path = InboxForObsidian;
			sourceTree = "<group>";
		};
		0F1AFF292DA106E000BE47A4 /* InboxForObsidianTests */ = {
			isa = PBXFileSystemSynchronizedRootGroup;
			exceptions = (
				0FBE8C1E2DA134D500F9839C /* Exceptions for "InboxForObsidianTests" folder in "InboxForObsidianTests" target */,
			);
			path = InboxForObsidianTests;
			sourceTree = "<group>";
		};
		0FB3D8DF2DBE851800CE3388 /* .ai */ = {
			isa = PBXFileSystemSynchronizedRootGroup;
			path = .ai;
			sourceTree = "<group>";
		};
/* End PBXFileSystemSynchronizedRootGroup section */

/* Begin PBXFrameworksBuildPhase section */
		0F1AFF122DA106DE00BE47A4 /* Frameworks */ = {
			isa = PBXFrameworksBuildPhase;
			buildActionMask = 2147483647;
			files = (
				0F67F4D82DBDD81B003187F2 /* MarkdownUI in Frameworks */,
			);
			runOnlyForDeploymentPostprocessing = 0;
		};
		0F1AFF232DA106E000BE47A4 /* Frameworks */ = {
			isa = PBXFrameworksBuildPhase;
			buildActionMask = 2147483647;
			files = (
			);
			runOnlyForDeploymentPostprocessing = 0;
		};
/* End PBXFrameworksBuildPhase section */

/* Begin PBXGroup section */
		0F1AFF0C2DA106DE00BE47A4 = {
			isa = PBXGroup;
			children = (
				0FB3D8DF2DBE851800CE3388 /* .ai */,
				0F0759A42DA2CA1C0040B9FD /* gfx */,
				0F0759A22DA2C9FF0040B9FD /* README.md */,
				0F47B1862DA19E0200E82817 /* TestPlan.xctestplan */,
				0F1AFF172DA106DE00BE47A4 /* InboxForObsidian */,
				0F1AFF292DA106E000BE47A4 /* InboxForObsidianTests */,
				0F1AFF162DA106DE00BE47A4 /* Products */,
			);
			sourceTree = "<group>";
		};
		0F1AFF162DA106DE00BE47A4 /* Products */ = {
			isa = PBXGroup;
			children = (
				0F1AFF152DA106DE00BE47A4 /* InboxForObsidian.app */,
				0F1AFF262DA106E000BE47A4 /* InboxForObsidianTests.xctest */,
			);
			name = Products;
			sourceTree = "<group>";
		};
/* End PBXGroup section */

/* Begin PBXNativeTarget section */
		0F1AFF142DA106DE00BE47A4 /* InboxForObsidian */ = {
			isa = PBXNativeTarget;
			buildConfigurationList = 0F1AFF392DA106E000BE47A4 /* Build configuration list for PBXNativeTarget "InboxForObsidian" */;
			buildPhases = (
				0F1AFF112DA106DE00BE47A4 /* Sources */,
				0F1AFF122DA106DE00BE47A4 /* Frameworks */,
				0F1AFF132DA106DE00BE47A4 /* Resources */,
			);
			buildRules = (
			);
			dependencies = (
			);
			fileSystemSynchronizedGroups = (
				0F0759A42DA2CA1C0040B9FD /* gfx */,
				0F1AFF172DA106DE00BE47A4 /* InboxForObsidian */,
				0FB3D8DF2DBE851800CE3388 /* .ai */,
			);
			name = InboxForObsidian;
			packageProductDependencies = (
				0F67F4D72DBDD81B003187F2 /* MarkdownUI */,
			);
			productName = InboxForObsidian;
			productReference = 0F1AFF152DA106DE00BE47A4 /* InboxForObsidian.app */;
			productType = "com.apple.product-type.application";
		};
		0F1AFF252DA106E000BE47A4 /* InboxForObsidianTests */ = {
			isa = PBXNativeTarget;
			buildConfigurationList = 0F1AFF3E2DA106E000BE47A4 /* Build configuration list for PBXNativeTarget "InboxForObsidianTests" */;
			buildPhases = (
				0F1AFF222DA106E000BE47A4 /* Sources */,
				0F1AFF232DA106E000BE47A4 /* Frameworks */,
				0F1AFF242DA106E000BE47A4 /* Resources */,
			);
			buildRules = (
			);
			dependencies = (
				0F1AFF282DA106E000BE47A4 /* PBXTargetDependency */,
			);
			fileSystemSynchronizedGroups = (
				0F1AFF292DA106E000BE47A4 /* InboxForObsidianTests */,
			);
			name = InboxForObsidianTests;
			packageProductDependencies = (
			);
			productName = InboxForObsidianTests;
			productReference = 0F1AFF262DA106E000BE47A4 /* InboxForObsidianTests.xctest */;
			productType = "com.apple.product-type.bundle.unit-test";
		};
/* End PBXNativeTarget section */

/* Begin PBXProject section */
		0F1AFF0D2DA106DE00BE47A4 /* Project object */ = {
			isa = PBXProject;
			attributes = {
				BuildIndependentTargetsInParallel = 1;
				LastSwiftUpdateCheck = 1630;
				LastUpgradeCheck = 1630;
				TargetAttributes = {
					0F1AFF142DA106DE00BE47A4 = {
						CreatedOnToolsVersion = 16.3;
					};
					0F1AFF252DA106E000BE47A4 = {
						CreatedOnToolsVersion = 16.3;
						TestTargetID = 0F1AFF142DA106DE00BE47A4;
					};
				};
			};
			buildConfigurationList = 0F1AFF102DA106DE00BE47A4 /* Build configuration list for PBXProject "InboxForObsidian" */;
			developmentRegion = en;
			hasScannedForEncodings = 0;
			knownRegions = (
				en,
				Base,
			);
			mainGroup = 0F1AFF0C2DA106DE00BE47A4;
			minimizedProjectReferenceProxies = 1;
			packageReferences = (
				0F67F4D62DBDD487003187F2 /* XCRemoteSwiftPackageReference "swift-markdown-ui" */,
			);
			preferredProjectObjectVersion = 77;
			productRefGroup = 0F1AFF162DA106DE00BE47A4 /* Products */;
			projectDirPath = "";
			projectRoot = "";
			targets = (
				0F1AFF142DA106DE00BE47A4 /* InboxForObsidian */,
				0F1AFF252DA106E000BE47A4 /* InboxForObsidianTests */,
			);
		};
/* End PBXProject section */

/* Begin PBXResourcesBuildPhase section */
		0F1AFF132DA106DE00BE47A4 /* Resources */ = {
			isa = PBXResourcesBuildPhase;
			buildActionMask = 2147483647;
			files = (
				0F0759A32DA2C9FF0040B9FD /* README.md in Resources */,
				0F47B1872DA19E0200E82817 /* TestPlan.xctestplan in Resources */,
			);
			runOnlyForDeploymentPostprocessing = 0;
		};
		0F1AFF242DA106E000BE47A4 /* Resources */ = {
			isa = PBXResourcesBuildPhase;
			buildActionMask = 2147483647;
			files = (
			);
			runOnlyForDeploymentPostprocessing = 0;
		};
/* End PBXResourcesBuildPhase section */

/* Begin PBXSourcesBuildPhase section */
		0F1AFF112DA106DE00BE47A4 /* Sources */ = {
			isa = PBXSourcesBuildPhase;
			buildActionMask = 2147483647;
			files = (
			);
			runOnlyForDeploymentPostprocessing = 0;
		};
		0F1AFF222DA106E000BE47A4 /* Sources */ = {
			isa = PBXSourcesBuildPhase;
			buildActionMask = 2147483647;
			files = (
			);
			runOnlyForDeploymentPostprocessing = 0;
		};
/* End PBXSourcesBuildPhase section */

/* Begin PBXTargetDependency section */
		0F1AFF282DA106E000BE47A4 /* PBXTargetDependency */ = {
			isa = PBXTargetDependency;
			target = 0F1AFF142DA106DE00BE47A4 /* InboxForObsidian */;
			targetProxy = 0F1AFF272DA106E000BE47A4 /* PBXContainerItemProxy */;
		};
/* End PBXTargetDependency section */

/* Begin XCBuildConfiguration section */
		0F1AFF3A2DA106E000BE47A4 /* Debug */ = {
			isa = XCBuildConfiguration;
			buildSettings = {
				ASSETCATALOG_COMPILER_APPICON_NAME = AppIcon;
				ASSETCATALOG_COMPILER_GLOBAL_ACCENT_COLOR_NAME = AccentColor;
				CODE_SIGN_ENTITLEMENTS = InboxForObsidian/InboxForObsidian.entitlements;
				CODE_SIGN_STYLE = Automatic;
				CURRENT_PROJECT_VERSION = 1;
				DEVELOPMENT_TEAM = D7AUHFL972;
				ENABLE_HARDENED_RUNTIME = YES;
				ENABLE_PREVIEWS = YES;
				GENERATE_INFOPLIST_FILE = YES;
				INFOPLIST_FILE = InboxForObsidian/Info.plist;
				INFOPLIST_KEY_CFBundleDisplayName = "Inbox for Obsidian";
				INFOPLIST_KEY_LSApplicationCategoryType = "public.app-category.productivity";
				"INFOPLIST_KEY_UIApplicationSceneManifest_Generation[sdk=iphoneos*]" = YES;
				"INFOPLIST_KEY_UIApplicationSceneManifest_Generation[sdk=iphonesimulator*]" = YES;
				"INFOPLIST_KEY_UIApplicationSupportsIndirectInputEvents[sdk=iphoneos*]" = YES;
				"INFOPLIST_KEY_UIApplicationSupportsIndirectInputEvents[sdk=iphonesimulator*]" = YES;
				"INFOPLIST_KEY_UILaunchScreen_Generation[sdk=iphoneos*]" = YES;
				"INFOPLIST_KEY_UILaunchScreen_Generation[sdk=iphonesimulator*]" = YES;
				"INFOPLIST_KEY_UIStatusBarStyle[sdk=iphoneos*]" = UIStatusBarStyleDefault;
				"INFOPLIST_KEY_UIStatusBarStyle[sdk=iphonesimulator*]" = UIStatusBarStyleDefault;
				INFOPLIST_KEY_UISupportedInterfaceOrientations_iPad = "UIInterfaceOrientationPortrait UIInterfaceOrientationPortraitUpsideDown UIInterfaceOrientationLandscapeLeft UIInterfaceOrientationLandscapeRight";
				INFOPLIST_KEY_UISupportedInterfaceOrientations_iPhone = "UIInterfaceOrientationPortrait UIInterfaceOrientationLandscapeLeft UIInterfaceOrientationLandscapeRight";
				IPHONEOS_DEPLOYMENT_TARGET = 18.0;
				LD_RUNPATH_SEARCH_PATHS = "@executable_path/Frameworks";
				"LD_RUNPATH_SEARCH_PATHS[sdk=macosx*]" = "@executable_path/../Frameworks";
				MACOSX_DEPLOYMENT_TARGET = 15.0;
				MARKETING_VERSION = 0.9;
				PRODUCT_BUNDLE_IDENTIFIER = org.jrj.InboxForObsidian;
				PRODUCT_NAME = "$(TARGET_NAME)";
				REGISTER_APP_GROUPS = YES;
				SDKROOT = auto;
				SUPPORTED_PLATFORMS = "iphoneos iphonesimulator macosx xros xrsimulator";
				SWIFT_EMIT_LOC_STRINGS = YES;
				SWIFT_VERSION = 5.0;
				TARGETED_DEVICE_FAMILY = "1,2,7";
				XROS_DEPLOYMENT_TARGET = 2.4;
			};
			name = Debug;
		};
		0F1AFF3B2DA106E000BE47A4 /* Release */ = {
			isa = XCBuildConfiguration;
			buildSettings = {
				ASSETCATALOG_COMPILER_APPICON_NAME = AppIcon;
				ASSETCATALOG_COMPILER_GLOBAL_ACCENT_COLOR_NAME = AccentColor;
				CODE_SIGN_ENTITLEMENTS = InboxForObsidian/InboxForObsidianRelease.entitlements;
				CODE_SIGN_STYLE = Automatic;
				CURRENT_PROJECT_VERSION = 1;
				DEVELOPMENT_TEAM = D7AUHFL972;
				ENABLE_HARDENED_RUNTIME = YES;
				ENABLE_PREVIEWS = YES;
				GENERATE_INFOPLIST_FILE = YES;
				INFOPLIST_FILE = InboxForObsidian/Info.plist;
				INFOPLIST_KEY_CFBundleDisplayName = "Inbox for Obsidian";
				INFOPLIST_KEY_LSApplicationCategoryType = "public.app-category.productivity";
				"INFOPLIST_KEY_UIApplicationSceneManifest_Generation[sdk=iphoneos*]" = YES;
				"INFOPLIST_KEY_UIApplicationSceneManifest_Generation[sdk=iphonesimulator*]" = YES;
				"INFOPLIST_KEY_UIApplicationSupportsIndirectInputEvents[sdk=iphoneos*]" = YES;
				"INFOPLIST_KEY_UIApplicationSupportsIndirectInputEvents[sdk=iphonesimulator*]" = YES;
				"INFOPLIST_KEY_UILaunchScreen_Generation[sdk=iphoneos*]" = YES;
				"INFOPLIST_KEY_UILaunchScreen_Generation[sdk=iphonesimulator*]" = YES;
				"INFOPLIST_KEY_UIStatusBarStyle[sdk=iphoneos*]" = UIStatusBarStyleDefault;
				"INFOPLIST_KEY_UIStatusBarStyle[sdk=iphonesimulator*]" = UIStatusBarStyleDefault;
				INFOPLIST_KEY_UISupportedInterfaceOrientations_iPad = "UIInterfaceOrientationPortrait UIInterfaceOrientationPortraitUpsideDown UIInterfaceOrientationLandscapeLeft UIInterfaceOrientationLandscapeRight";
				INFOPLIST_KEY_UISupportedInterfaceOrientations_iPhone = "UIInterfaceOrientationPortrait UIInterfaceOrientationLandscapeLeft UIInterfaceOrientationLandscapeRight";
				IPHONEOS_DEPLOYMENT_TARGET = 18.0;
				LD_RUNPATH_SEARCH_PATHS = "@executable_path/Frameworks";
				"LD_RUNPATH_SEARCH_PATHS[sdk=macosx*]" = "@executable_path/../Frameworks";
				MACOSX_DEPLOYMENT_TARGET = 15.0;
				MARKETING_VERSION = 0.9;
				PRODUCT_BUNDLE_IDENTIFIER = org.jrj.InboxForObsidian;
				PRODUCT_NAME = "$(TARGET_NAME)";
				REGISTER_APP_GROUPS = YES;
				SDKROOT = auto;
				SUPPORTED_PLATFORMS = "iphoneos iphonesimulator macosx xros xrsimulator";
				SWIFT_EMIT_LOC_STRINGS = YES;
				SWIFT_VERSION = 5.0;
				TARGETED_DEVICE_FAMILY = "1,2,7";
				XROS_DEPLOYMENT_TARGET = 2.4;
			};
			name = Release;
		};
		0F1AFF3C2DA106E000BE47A4 /* Debug */ = {
			isa = XCBuildConfiguration;
			buildSettings = {
				ALWAYS_SEARCH_USER_PATHS = NO;
				ASSETCATALOG_COMPILER_GENERATE_SWIFT_ASSET_SYMBOL_EXTENSIONS = YES;
				CLANG_ANALYZER_NONNULL = YES;
				CLANG_ANALYZER_NUMBER_OBJECT_CONVERSION = YES_AGGRESSIVE;
				CLANG_CXX_LANGUAGE_STANDARD = "gnu++20";
				CLANG_ENABLE_MODULES = YES;
				CLANG_ENABLE_OBJC_ARC = YES;
				CLANG_ENABLE_OBJC_WEAK = YES;
				CLANG_WARN_BLOCK_CAPTURE_AUTORELEASING = YES;
				CLANG_WARN_BOOL_CONVERSION = YES;
				CLANG_WARN_COMMA = YES;
				CLANG_WARN_CONSTANT_CONVERSION = YES;
				CLANG_WARN_DEPRECATED_OBJC_IMPLEMENTATIONS = YES;
				CLANG_WARN_DIRECT_OBJC_ISA_USAGE = YES_ERROR;
				CLANG_WARN_DOCUMENTATION_COMMENTS = YES;
				CLANG_WARN_EMPTY_BODY = YES;
				CLANG_WARN_ENUM_CONVERSION = YES;
				CLANG_WARN_INFINITE_RECURSION = YES;
				CLANG_WARN_INT_CONVERSION = YES;
				CLANG_WARN_NON_LITERAL_NULL_CONVERSION = YES;
				CLANG_WARN_OBJC_IMPLICIT_RETAIN_SELF = YES;
				CLANG_WARN_OBJC_LITERAL_CONVERSION = YES;
				CLANG_WARN_OBJC_ROOT_CLASS = YES_ERROR;
				CLANG_WARN_QUOTED_INCLUDE_IN_FRAMEWORK_HEADER = YES;
				CLANG_WARN_RANGE_LOOP_ANALYSIS = YES;
				CLANG_WARN_STRICT_PROTOTYPES = YES;
				CLANG_WARN_SUSPICIOUS_MOVE = YES;
				CLANG_WARN_UNGUARDED_AVAILABILITY = YES_AGGRESSIVE;
				CLANG_WARN_UNREACHABLE_CODE = YES;
				CLANG_WARN__DUPLICATE_METHOD_MATCH = YES;
				COPY_PHASE_STRIP = NO;
				DEBUG_INFORMATION_FORMAT = dwarf;
				DEVELOPMENT_TEAM = D7AUHFL972;
				ENABLE_STRICT_OBJC_MSGSEND = YES;
				ENABLE_TESTABILITY = YES;
				ENABLE_USER_SCRIPT_SANDBOXING = YES;
				GCC_C_LANGUAGE_STANDARD = gnu17;
				GCC_DYNAMIC_NO_PIC = NO;
				GCC_NO_COMMON_BLOCKS = YES;
				GCC_OPTIMIZATION_LEVEL = 0;
				GCC_PREPROCESSOR_DEFINITIONS = (
					"DEBUG=1",
					"$(inherited)",
				);
				GCC_WARN_64_TO_32_BIT_CONVERSION = YES;
				GCC_WARN_ABOUT_RETURN_TYPE = YES_ERROR;
				GCC_WARN_UNDECLARED_SELECTOR = YES;
				GCC_WARN_UNINITIALIZED_AUTOS = YES_AGGRESSIVE;
				GCC_WARN_UNUSED_FUNCTION = YES;
				GCC_WARN_UNUSED_VARIABLE = YES;
				LOCALIZATION_PREFERS_STRING_CATALOGS = YES;
				MTL_ENABLE_DEBUG_INFO = INCLUDE_SOURCE;
				MTL_FAST_MATH = YES;
				ONLY_ACTIVE_ARCH = YES;
				SWIFT_ACTIVE_COMPILATION_CONDITIONS = "DEBUG $(inherited)";
				SWIFT_OPTIMIZATION_LEVEL = "-Onone";
			};
			name = Debug;
		};
		0F1AFF3D2DA106E000BE47A4 /* Release */ = {
			isa = XCBuildConfiguration;
			buildSettings = {
				ALWAYS_SEARCH_USER_PATHS = NO;
				ASSETCATALOG_COMPILER_GENERATE_SWIFT_ASSET_SYMBOL_EXTENSIONS = YES;
				CLANG_ANALYZER_NONNULL = YES;
				CLANG_ANALYZER_NUMBER_OBJECT_CONVERSION = YES_AGGRESSIVE;
				CLANG_CXX_LANGUAGE_STANDARD = "gnu++20";
				CLANG_ENABLE_MODULES = YES;
				CLANG_ENABLE_OBJC_ARC = YES;
				CLANG_ENABLE_OBJC_WEAK = YES;
				CLANG_WARN_BLOCK_CAPTURE_AUTORELEASING = YES;
				CLANG_WARN_BOOL_CONVERSION = YES;
				CLANG_WARN_COMMA = YES;
				CLANG_WARN_CONSTANT_CONVERSION = YES;
				CLANG_WARN_DEPRECATED_OBJC_IMPLEMENTATIONS = YES;
				CLANG_WARN_DIRECT_OBJC_ISA_USAGE = YES_ERROR;
				CLANG_WARN_DOCUMENTATION_COMMENTS = YES;
				CLANG_WARN_EMPTY_BODY = YES;
				CLANG_WARN_ENUM_CONVERSION = YES;
				CLANG_WARN_INFINITE_RECURSION = YES;
				CLANG_WARN_INT_CONVERSION = YES;
				CLANG_WARN_NON_LITERAL_NULL_CONVERSION = YES;
				CLANG_WARN_OBJC_IMPLICIT_RETAIN_SELF = YES;
				CLANG_WARN_OBJC_LITERAL_CONVERSION = YES;
				CLANG_WARN_OBJC_ROOT_CLASS = YES_ERROR;
				CLANG_WARN_QUOTED_INCLUDE_IN_FRAMEWORK_HEADER = YES;
				CLANG_WARN_RANGE_LOOP_ANALYSIS = YES;
				CLANG_WARN_STRICT_PROTOTYPES = YES;
				CLANG_WARN_SUSPICIOUS_MOVE = YES;
				CLANG_WARN_UNGUARDED_AVAILABILITY = YES_AGGRESSIVE;
				CLANG_WARN_UNREACHABLE_CODE = YES;
				CLANG_WARN__DUPLICATE_METHOD_MATCH = YES;
				COPY_PHASE_STRIP = NO;
				DEBUG_INFORMATION_FORMAT = "dwarf-with-dsym";
				DEVELOPMENT_TEAM = D7AUHFL972;
				ENABLE_NS_ASSERTIONS = NO;
				ENABLE_STRICT_OBJC_MSGSEND = YES;
				ENABLE_USER_SCRIPT_SANDBOXING = YES;
				GCC_C_LANGUAGE_STANDARD = gnu17;
				GCC_NO_COMMON_BLOCKS = YES;
				GCC_WARN_64_TO_32_BIT_CONVERSION = YES;
				GCC_WARN_ABOUT_RETURN_TYPE = YES_ERROR;
				GCC_WARN_UNDECLARED_SELECTOR = YES;
				GCC_WARN_UNINITIALIZED_AUTOS = YES_AGGRESSIVE;
				GCC_WARN_UNUSED_FUNCTION = YES;
				GCC_WARN_UNUSED_VARIABLE = YES;
				LOCALIZATION_PREFERS_STRING_CATALOGS = YES;
				MTL_ENABLE_DEBUG_INFO = NO;
				MTL_FAST_MATH = YES;
				SWIFT_COMPILATION_MODE = wholemodule;
			};
			name = Release;
		};
		0F1AFF3F2DA106E000BE47A4 /* Debug */ = {
			isa = XCBuildConfiguration;
			buildSettings = {
				BUNDLE_LOADER = "$(TEST_HOST)";
				CODE_SIGN_STYLE = Automatic;
				CURRENT_PROJECT_VERSION = 1;
				DEVELOPMENT_TEAM = D7AUHFL972;
				GENERATE_INFOPLIST_FILE = YES;
				IPHONEOS_DEPLOYMENT_TARGET = 18.4;
				MACOSX_DEPLOYMENT_TARGET = 15.4;
				MARKETING_VERSION = 1.0;
				PRODUCT_BUNDLE_IDENTIFIER = org.jrj.InboxForObsidianTests;
				PRODUCT_NAME = "$(TARGET_NAME)";
				SDKROOT = auto;
				SUPPORTED_PLATFORMS = macosx;
				SUPPORTS_MACCATALYST = NO;
				SWIFT_EMIT_LOC_STRINGS = NO;
				SWIFT_VERSION = 5.0;
				TEST_HOST = "$(BUILT_PRODUCTS_DIR)/InboxForObsidian.app/$(BUNDLE_EXECUTABLE_FOLDER_PATH)/InboxForObsidian";
				XROS_DEPLOYMENT_TARGET = 2.4;
			};
			name = Debug;
		};
		0F1AFF402DA106E000BE47A4 /* Release */ = {
			isa = XCBuildConfiguration;
			buildSettings = {
				BUNDLE_LOADER = "$(TEST_HOST)";
				CODE_SIGN_STYLE = Automatic;
				CURRENT_PROJECT_VERSION = 1;
				DEVELOPMENT_TEAM = D7AUHFL972;
				GENERATE_INFOPLIST_FILE = YES;
				IPHONEOS_DEPLOYMENT_TARGET = 18.4;
				MACOSX_DEPLOYMENT_TARGET = 15.4;
				MARKETING_VERSION = 1.0;
				PRODUCT_BUNDLE_IDENTIFIER = org.jrj.InboxForObsidianTests;
				PRODUCT_NAME = "$(TARGET_NAME)";
				SDKROOT = auto;
				SUPPORTED_PLATFORMS = macosx;
				SUPPORTS_MACCATALYST = NO;
				SWIFT_EMIT_LOC_STRINGS = NO;
				SWIFT_VERSION = 5.0;
				TEST_HOST = "$(BUILT_PRODUCTS_DIR)/InboxForObsidian.app/$(BUNDLE_EXECUTABLE_FOLDER_PATH)/InboxForObsidian";
				XROS_DEPLOYMENT_TARGET = 2.4;
			};
			name = Release;
		};
/* End XCBuildConfiguration section */

/* Begin XCConfigurationList section */
		0F1AFF102DA106DE00BE47A4 /* Build configuration list for PBXProject "InboxForObsidian" */ = {
			isa = XCConfigurationList;
			buildConfigurations = (
				0F1AFF3C2DA106E000BE47A4 /* Debug */,
				0F1AFF3D2DA106E000BE47A4 /* Release */,
			);
			defaultConfigurationIsVisible = 0;
			defaultConfigurationName = Release;
		};
		0F1AFF392DA106E000BE47A4 /* Build configuration list for PBXNativeTarget "InboxForObsidian" */ = {
			isa = XCConfigurationList;
			buildConfigurations = (
				0F1AFF3A2DA106E000BE47A4 /* Debug */,
				0F1AFF3B2DA106E000BE47A4 /* Release */,
			);
			defaultConfigurationIsVisible = 0;
			defaultConfigurationName = Release;
		};
		0F1AFF3E2DA106E000BE47A4 /* Build configuration list for PBXNativeTarget "InboxForObsidianTests" */ = {
			isa = XCConfigurationList;
			buildConfigurations = (
				0F1AFF3F2DA106E000BE47A4 /* Debug */,
				0F1AFF402DA106E000BE47A4 /* Release */,
			);
			defaultConfigurationIsVisible = 0;
			defaultConfigurationName = Release;
		};
/* End XCConfigurationList section */

/* Begin XCRemoteSwiftPackageReference section */
		0F67F4D62DBDD487003187F2 /* XCRemoteSwiftPackageReference "swift-markdown-ui" */ = {
			isa = XCRemoteSwiftPackageReference;
			repositoryURL = "https://github.com/gonzalezreal/swift-markdown-ui.git";
			requirement = {
				kind = upToNextMajorVersion;
				minimumVersion = 2.4.1;
			};
		};
/* End XCRemoteSwiftPackageReference section */

/* Begin XCSwiftPackageProductDependency section */
		0F67F4D72DBDD81B003187F2 /* MarkdownUI */ = {
			isa = XCSwiftPackageProductDependency;
			package = 0F67F4D62DBDD487003187F2 /* XCRemoteSwiftPackageReference "swift-markdown-ui" */;
			productName = MarkdownUI;
		};
/* End XCSwiftPackageProductDependency section */
	};
	rootObject = 0F1AFF0D2DA106DE00BE47A4 /* Project object */;
}
